
Microsoft Visual Studio Solution File, Format Version 12.00
# Visual Studio Version 17
VisualStudioVersion = 17.4.33103.184
MinimumVisualStudioVersion = 10.0.40219.1
Project("{FAE04EC0-301F-11D3-BF4B-00C04F79EFBC}") = "Labb3Databaser", "Labb3Databaser.csproj", "{F2267F63-D717-4B53-ADBC-5DB114E2F606}"
EndProject
Global
	GlobalSection(SolutionConfigurationPlatforms) = preSolution
		Debug|Any CPU = Debug|Any CPU
		Release|Any CPU = Release|Any CPU
	EndGlobalSection
	GlobalSection(ProjectConfigurationPlatforms) = postSolution
		{F2267F63-D717-4B53-ADBC-5DB114E2F606}.Debug|Any CPU.ActiveCfg = Debug|Any CPU
		{F2267F63-D717-4B53-ADBC-5DB114E2F606}.Debug|Any CPU.Build.0 = Debug|Any CPU
		{F2267F63-D717-4B53-ADBC-5DB114E2F606}.Release|Any CPU.ActiveCfg = Release|Any CPU
		{F2267F63-D717-4B53-ADBC-5DB114E2F606}.Release|Any CPU.Build.0 = Release|Any CPU
	EndGlobalSection
	GlobalSection(SolutionProperties) = preSolution
		HideSolutionNode = FALSE
	EndGlobalSection
	GlobalSection(ExtensibilityGlobals) = postSolution
		SolutionGuid = {0B028762-7390-45A4-9966-8870BE91AEB9}
	EndGlobalSection
EndGlobal
